<?xml version="1.0" encoding="UTF-8" standalone="yes" ?>
<CodeBlocks_project_file>
	<FileVersion major="1" minor="6" />
	<Project>
		<Option title="serverplugin_empty" />
		<Option pch_mode="2" />
		<Option compiler="gcc" />
		<Build>
			<Target title="Debug Win32">
				<Option output="./Debug/serverplugin_empty" prefix_auto="1" extension_auto="1" />
				<Option object_output="Debug" />
				<Option type="3" />
				<Option compiler="gcc" />
				<Option createDefFile="1" />
				<Option createStaticLib="1" />
				<Compiler>
					<Add option="-DWIN32" />
					<Add option="-D_DEBUG" />
					<Add option="-D_WINDOWS" />
					<Add option="-Dserverplugin_emptyONLY" />
					<Add option="-W" />
					<Add option="-g" />
					<Add option="-O0" />
					<Add directory="../../public" />
					<Add directory="../../public/tier0" />
					<Add directory="../../public/tier1" />
					<Add directory="../../dlls" />
					<Add directory="../../game_shared" />
				</Compiler>
				<ResourceCompiler>
					<Add directory="../../public" />
					<Add directory="../../public/tier0" />
					<Add directory="../../public/tier1" />
					<Add directory="../../dlls" />
					<Add directory="../../game_shared" />
				</ResourceCompiler>
				<Linker>
					<Add library="odbc32" />
					<Add library="odbccp32" />
					<Add directory="../lib/public" />
					<Add directory="../lib/common" />
				</Linker>
			</Target>
			<Target title="Release Win32">
				<Option output="./Release/serverplugin_empty" prefix_auto="1" extension_auto="1" />
				<Option object_output="Release" />
				<Option type="3" />
				<Option compiler="gcc" />
				<Option createDefFile="1" />
				<Option createStaticLib="1" />
				<Compiler>
					<Add option="-DWIN32" />
					<Add option="-DNDEBUG" />
					<Add option="-D_WINDOWS" />
					<Add option="-Dserverplugin_emptyONLY" />
					<Add option="-W" />
					<Add option="-O2" />
					<Add directory="../../public" />
					<Add directory="../../public/tier0" />
					<Add directory="../../public/tier1" />
					<Add directory="../../dlls" />
					<Add directory="../../game_shared" />
				</Compiler>
				<ResourceCompiler>
					<Add directory="../../public" />
					<Add directory="../../public/tier0" />
					<Add directory="../../public/tier1" />
					<Add directory="../../dlls" />
					<Add directory="../../game_shared" />
				</ResourceCompiler>
				<Linker>
					<Add library="odbc32" />
					<Add library="odbccp32" />
					<Add directory="../lib/public" />
					<Add directory="../lib/common" />
				</Linker>
			</Target>
		</Build>
		<Unit filename="../../lib/public/mathlib.lib" />
		<Unit filename="../../lib/public/tier0.lib" />
		<Unit filename="../../lib/public/tier1.lib" />
		<Unit filename="../../lib/public/vstdlib.lib" />
		<Unit filename="../../public/Color.h" />
		<Unit filename="../../public/FileSystem.h" />
		<Unit filename="../../public/dlls/iplayerinfo.h" />
		<Unit filename="../../public/eiface.h" />
		<Unit filename="../../public/engine/iserverplugin.h" />
		<Unit filename="../../public/igameevents.h" />
		<Unit filename="../../public/tier0/basetypes.h" />
		<Unit filename="../../public/tier0/dbg.h" />
		<Unit filename="../../public/tier0/mem.h" />
		<Unit filename="../../public/tier0/memalloc.h" />
		<Unit filename="../../public/tier0/memdbgon.h" />
		<Unit filename="../../public/tier0/memoverride.cpp" />
		<Unit filename="../../public/tier1/KeyValues.h" />
		<Unit filename="../../public/tier1/interface.h" />
		<Unit filename="../../public/tier1/utlbuffer.h" />
		<Unit filename="../../public/tier1/utlmemory.h" />
		<Unit filename="../../public/tier1/utlvector.h" />
		<Unit filename="../../public/vstdlib/ICommandLine.h" />
		<Unit filename="../../public/vstdlib/strtools.h" />
		<Unit filename="../../public/vstdlib/vstdlib.h" />
		<Unit filename="serverplugin_bot.cpp" />
		<Unit filename="serverplugin_convar.cpp" />
		<Unit filename="serverplugin_empty.cpp" />
		<Extensions>
			<code_completion />
			<envvars />
			<debugger />
		</Extensions>
	</Project>
</CodeBlocks_project_file>
