<?xml version="1.0" encoding="UTF-8" standalone="yes" ?>
<CodeBlocks_project_file>
	<FileVersion major="1" minor="6" />
	<Project>
		<Option title="studiomdl" />
		<Option pch_mode="2" />
		<Option compiler="gcc" />
		<Build>
			<Target title="Release Win32">
				<Option output="./Release/studiomdl" prefix_auto="1" extension_auto="1" />
				<Option object_output="Release" />
				<Option type="1" />
				<Option compiler="gcc" />
				<Compiler>
					<Add option="-D_CONSOLE" />
					<Add option="-DPROTECTED_THINGS_DISABLE" />
					<Add option="-DNDEBUG" />
					<Add option="-D_WIN32" />
					<Add option="-W" />
					<Add option="-O2" />
					<Add directory="../common" />
					<Add directory="../../public" />
					<Add directory="../../public/tier1" />
					<Add directory="../nvtristriplib" />
					<Add directory="../../Game_Shared" />
				</Compiler>
				<ResourceCompiler>
					<Add directory="../common" />
					<Add directory="../../public" />
					<Add directory="../../public/tier1" />
					<Add directory="../nvtristriplib" />
					<Add directory="../../Game_Shared" />
				</ResourceCompiler>
				<Linker>
					<Add library="winmm" />
					<Add directory="../../lib/common" />
					<Add directory="../../lib/public" />
				</Linker>
			</Target>
			<Target title="Debug Win32">
				<Option output="./Debug/studiomdl" prefix_auto="1" extension_auto="1" />
				<Option object_output="Debug" />
				<Option type="1" />
				<Option compiler="gcc" />
				<Compiler>
					<Add option="-D_CONSOLE" />
					<Add option="-DPROTECTED_THINGS_DISABLE" />
					<Add option="-D_DEBUG" />
					<Add option="-D_WIN32" />
					<Add option="-W" />
					<Add option="-g" />
					<Add option="-O0" />
					<Add directory="../common" />
					<Add directory="../../public" />
					<Add directory="../../public/tier1" />
					<Add directory="../nvtristriplib" />
					<Add directory="../../Game_Shared" />
				</Compiler>
				<ResourceCompiler>
					<Add directory="../common" />
					<Add directory="../../public" />
					<Add directory="../../public/tier1" />
					<Add directory="../nvtristriplib" />
					<Add directory="../../Game_Shared" />
				</ResourceCompiler>
				<Linker>
					<Add library="winmm" />
					<Add directory="../../lib/common" />
					<Add directory="../../lib/public" />
				</Linker>
			</Target>
		</Build>
		<Unit filename="../../lib/public/mathlib.lib" />
		<Unit filename="../../lib/public/nvtristrip.lib" />
		<Unit filename="../../lib/public/tier0.lib" />
		<Unit filename="../../lib/public/tier1.lib" />
		<Unit filename="../../lib/public/tier2.lib" />
		<Unit filename="../../lib/public/vstdlib.lib" />
		<Unit filename="../../public/CollisionUtils.cpp" />
		<Unit filename="../../public/CollisionUtils.h" />
		<Unit filename="../../public/FileSystem.h" />
		<Unit filename="../../public/IStudioRender.h" />
		<Unit filename="../../public/ImageLoader.h" />
		<Unit filename="../../public/amd3dx.h" />
		<Unit filename="../../public/appframework/IAppSystem.h" />
		<Unit filename="../../public/basehandle.h" />
		<Unit filename="../../public/bitvec.h" />
		<Unit filename="../../public/bone_accessor.h" />
		<Unit filename="../../public/bone_setup.cpp" />
		<Unit filename="../../public/bone_setup.h" />
		<Unit filename="../../public/bspflags.h" />
		<Unit filename="../../public/cmodel.h" />
		<Unit filename="../../public/commonmacros.h" />
		<Unit filename="../../public/compressed_vector.h" />
		<Unit filename="../../public/const.h" />
		<Unit filename="../../public/filesystem_helpers.cpp" />
		<Unit filename="../../public/filesystem_helpers.h" />
		<Unit filename="../../public/filesystem_init.cpp" />
		<Unit filename="../../public/gametrace.h" />
		<Unit filename="../../public/ihandleentity.h" />
		<Unit filename="../../public/materialsystem/imaterial.h" />
		<Unit filename="../../public/materialsystem/imaterialsystem.h" />
		<Unit filename="../../public/materialsystem/imaterialvar.h" />
		<Unit filename="../../public/materialsystem/materialsystem_config.h" />
		<Unit filename="../../public/mathlib.h" />
		<Unit filename="../../public/optimize.h" />
		<Unit filename="../../public/phyfile.h" />
		<Unit filename="../../public/protected_things.h" />
		<Unit filename="../../public/string_t.h" />
		<Unit filename="../../public/studio.cpp" />
		<Unit filename="../../public/studio.h" />
		<Unit filename="../../public/tier0/basetypes.h" />
		<Unit filename="../../public/tier0/dbg.h" />
		<Unit filename="../../public/tier0/fasttimer.h" />
		<Unit filename="../../public/tier0/memdbgoff.h" />
		<Unit filename="../../public/tier0/memdbgon.h" />
		<Unit filename="../../public/tier0/memoverride.cpp" />
		<Unit filename="../../public/tier0/platform.h" />
		<Unit filename="../../public/tier0/vprof.h" />
		<Unit filename="../../public/tier1/KeyValues.h" />
		<Unit filename="../../public/tier1/characterset.h" />
		<Unit filename="../../public/tier1/interface.h" />
		<Unit filename="../../public/tier1/utlbuffer.h" />
		<Unit filename="../../public/tier1/utldict.h" />
		<Unit filename="../../public/tier1/utllinkedlist.h" />
		<Unit filename="../../public/tier1/utlmemory.h" />
		<Unit filename="../../public/tier1/utlrbtree.h" />
		<Unit filename="../../public/tier1/utlsymbol.h" />
		<Unit filename="../../public/tier1/utlvector.h" />
		<Unit filename="../../public/vcollide.h" />
		<Unit filename="../../public/vcollide_parse.h" />
		<Unit filename="../../public/vector.h" />
		<Unit filename="../../public/vector2d.h" />
		<Unit filename="../../public/vector4d.h" />
		<Unit filename="../../public/vmatrix.h" />
		<Unit filename="../../public/vphysics/constraints.h" />
		<Unit filename="../../public/vphysics_interface.h" />
		<Unit filename="../../public/vplane.h" />
		<Unit filename="../../public/vstdlib/ICommandLine.h" />
		<Unit filename="../../public/vstdlib/random.h" />
		<Unit filename="../../public/vstdlib/strtools.h" />
		<Unit filename="../../public/vstdlib/vstdlib.h" />
		<Unit filename="../NvTriStripLib/NvTriStrip.h" />
		<Unit filename="../common/FileSystem_Tools.cpp" />
		<Unit filename="../common/FileSystem_Tools.h" />
		<Unit filename="../common/cmdlib.cpp" />
		<Unit filename="../common/cmdlib.h" />
		<Unit filename="../common/mstristrip.cpp" />
		<Unit filename="../common/mstristrip.h" />
		<Unit filename="../common/physdll.cpp" />
		<Unit filename="../common/physdll.h" />
		<Unit filename="../common/scriplib.cpp" />
		<Unit filename="../common/scriplib.h" />
		<Unit filename="FileBuffer.h" />
		<Unit filename="HardwareMatrixState.cpp" />
		<Unit filename="HardwareMatrixState.h" />
		<Unit filename="HardwareVertexCache.cpp" />
		<Unit filename="HardwareVertexCache.h" />
		<Unit filename="UnifyLODs.cpp" />
		<Unit filename="collisionmodel.cpp" />
		<Unit filename="collisionmodel.h" />
		<Unit filename="matsys.cpp" />
		<Unit filename="matsys.h" />
		<Unit filename="mrmsupport.cpp" />
		<Unit filename="objsupport.cpp" />
		<Unit filename="optimize.cpp" />
		<Unit filename="perfstats.cpp" />
		<Unit filename="perfstats.h" />
		<Unit filename="simplify.cpp" />
		<Unit filename="studiomdl.cpp" />
		<Unit filename="studiomdl.h" />
		<Unit filename="v1support.cpp" />
		<Unit filename="write.cpp" />
		<Extensions>
			<code_completion />
			<envvars />
			<debugger />
		</Extensions>
	</Project>
</CodeBlocks_project_file>
