<?xml version="1.0" encoding="UTF-8" standalone="yes" ?>
<CodeBlocks_project_file>
	<FileVersion major="1" minor="6" />
	<Project>
		<Option title="vtf2tga" />
		<Option pch_mode="2" />
		<Option compiler="gcc" />
		<Build>
			<Target title="Release Win32">
				<Option output="./Release/vtf2tga" prefix_auto="1" extension_auto="1" />
				<Option object_output="Release" />
				<Option type="1" />
				<Option compiler="gcc" />
				<Compiler>
					<Add option="-DNDEBUG" />
					<Add option="-D_WIN32" />
					<Add option="-D_CONSOLE" />
					<Add option="-Wall" />
					<Add option="-O2" />
					<Add directory="../../Public" />
					<Add directory="../../Public/tier1" />
					<Add directory="../common" />
				</Compiler>
				<ResourceCompiler>
					<Add directory="../../Public" />
					<Add directory="../../Public/tier1" />
					<Add directory="../common" />
				</ResourceCompiler>
			</Target>
			<Target title="Debug Win32">
				<Option output="./Debug/vtf2tga" prefix_auto="1" extension_auto="1" />
				<Option object_output="Debug" />
				<Option type="1" />
				<Option compiler="gcc" />
				<Compiler>
					<Add option="-D_DEBUG" />
					<Add option="-D_WIN32" />
					<Add option="-D_CONSOLE" />
					<Add option="-Wall" />
					<Add option="-g" />
					<Add option="-O0" />
					<Add directory="../../Public" />
					<Add directory="../../Public/tier1" />
				</Compiler>
				<ResourceCompiler>
					<Add directory="../../Public" />
					<Add directory="../../Public/tier1" />
				</ResourceCompiler>
			</Target>
		</Build>
		<Unit filename="../../lib/public/bitmap.lib" />
		<Unit filename="../../lib/public/mathlib.lib" />
		<Unit filename="../../lib/public/tier0.lib" />
		<Unit filename="../../lib/public/tier1.lib" />
		<Unit filename="../../lib/public/tier2.lib" />
		<Unit filename="../../lib/public/vstdlib.lib" />
		<Unit filename="../../lib/public/vtf.lib" />
		<Unit filename="../../public/amd3dx.h" />
		<Unit filename="../../public/commonmacros.h" />
		<Unit filename="../../public/mathlib.h" />
		<Unit filename="../../public/protected_things.h" />
		<Unit filename="../../public/s3_intrf.h" />
		<Unit filename="../../public/string_t.h" />
		<Unit filename="../../public/tier0/basetypes.h" />
		<Unit filename="../../public/tier0/dbg.h" />
		<Unit filename="../../public/tier0/fasttimer.h" />
		<Unit filename="../../public/tier0/memdbgon.h" />
		<Unit filename="../../public/tier0/memoverride.cpp" />
		<Unit filename="../../public/tier0/platform.h" />
		<Unit filename="../../public/tier1/utlbuffer.h" />
		<Unit filename="../../public/tier1/utlmemory.h" />
		<Unit filename="../../public/vector.h" />
		<Unit filename="../../public/vector2d.h" />
		<Unit filename="../../public/vstdlib/strtools.h" />
		<Unit filename="../../public/vstdlib/vstdlib.h" />
		<Unit filename="../../public/vtf/vtf.h" />
		<Unit filename="vtf2tga.cpp" />
		<Extensions>
			<code_completion />
			<envvars />
			<debugger />
		</Extensions>
	</Project>
</CodeBlocks_project_file>
